{
    "name": "fifty-shades-of-grape",
    "version": "0.0.1",
    "lockfileVersion": 3,
    "requires": true,
    "packages": {
        "": {
            "name": "fifty-shades-of-grape",
            "version": "0.0.1",
            "dependencies": {
                "fifty-shades-of-grape": "file:"
            },
            "engines": {
                "vscode": "^1.95.0"
            }
        },
        "node_modules/fifty-shades-of-grape": {
            "resolved": "",
            "link": true
        }
    }
}
