{
    "name": "fifty-shades-of-grape",
    "version": "0.54.0",
    "lockfileVersion": 3,
    "requires": true,
    "packages": {
        "": {
            "name": "fifty-shades-of-grape",
            "version": "0.54.0",
            "license": "MIT",
            "engines": {
                "vscode": "^1.95.0"
            }
        }
    }
}
